// !$*UTF8*$!
{
	archiveVersion = 1;
	classes = {
	};
	objectVersion = 46;
	objects = {

/* Begin PBXBuildFile section */
		DD2263271401CC7300CA6E6C /* DealerTable.m in Sources */ = {isa = PBXBuildFile; fileRef = DD2263251401CC7300CA6E6C /* DealerTable.m */; };
		DD2263281401CC7300CA6E6C /* DealerTable.xib in Resources */ = {isa = PBXBuildFile; fileRef = DD2263261401CC7300CA6E6C /* DealerTable.xib */; };
		DD22632E1401CD7200CA6E6C /* PriceTable.m in Sources */ = {isa = PBXBuildFile; fileRef = DD22632C1401CD7200CA6E6C /* PriceTable.m */; };
		DD22632F1401CD7200CA6E6C /* PriceTable.xib in Resources */ = {isa = PBXBuildFile; fileRef = DD22632D1401CD7200CA6E6C /* PriceTable.xib */; };
		DD2263321401CE4F00CA6E6C /* XMLParser.m in Sources */ = {isa = PBXBuildFile; fileRef = DD2263311401CE4F00CA6E6C /* XMLParser.m */; };
		DD2263381401D40100CA6E6C /* dealers.plist in Resources */ = {isa = PBXBuildFile; fileRef = DD2263371401D40100CA6E6C /* dealers.plist */; };
		DD22633A1401D40D00CA6E6C /* prices.plist in Resources */ = {isa = PBXBuildFile; fileRef = DD2263391401D40D00CA6E6C /* prices.plist */; };
		DD22633D1401D43700CA6E6C /* Common.m in Sources */ = {isa = PBXBuildFile; fileRef = DD22633C1401D43700CA6E6C /* Common.m */; };
		DD2263401401D93F00CA6E6C /* Mark.m in Sources */ = {isa = PBXBuildFile; fileRef = DD22633F1401D93F00CA6E6C /* Mark.m */; };
		DD4AA8741400077A006141A1 /* UIKit.framework in Frameworks */ = {isa = PBXBuildFile; fileRef = DD4AA8731400077A006141A1 /* UIKit.framework */; };
		DD4AA8761400077A006141A1 /* Foundation.framework in Frameworks */ = {isa = PBXBuildFile; fileRef = DD4AA8751400077A006141A1 /* Foundation.framework */; };
		DD4AA8781400077A006141A1 /* CoreGraphics.framework in Frameworks */ = {isa = PBXBuildFile; fileRef = DD4AA8771400077A006141A1 /* CoreGraphics.framework */; };
		DD4AA87E1400077A006141A1 /* InfoPlist.strings in Resources */ = {isa = PBXBuildFile; fileRef = DD4AA87C1400077A006141A1 /* InfoPlist.strings */; };
		DD4AA8801400077A006141A1 /* main.m in Sources */ = {isa = PBXBuildFile; fileRef = DD4AA87F1400077A006141A1 /* main.m */; };
		DD4AA8841400077A006141A1 /* avtofonAppDelegate.m in Sources */ = {isa = PBXBuildFile; fileRef = DD4AA8831400077A006141A1 /* avtofonAppDelegate.m */; };
		DD4AA8871400077B006141A1 /* MainWindow.xib in Resources */ = {isa = PBXBuildFile; fileRef = DD4AA8851400077B006141A1 /* MainWindow.xib */; };
		DDD2EEE1140328870077B459 /* Reachability.m in Sources */ = {isa = PBXBuildFile; fileRef = DDD2EEE0140328870077B459 /* Reachability.m */; };
		DDD2EEE5140332E50077B459 /* Dealer.m in Sources */ = {isa = PBXBuildFile; fileRef = DDD2EEE4140332E50077B459 /* Dealer.m */; };
/* End PBXBuildFile section */

/* Begin PBXFileReference section */
		DD2263241401CC7300CA6E6C /* DealerTable.h */ = {isa = PBXFileReference; fileEncoding = 4; lastKnownFileType = sourcecode.c.h; path = DealerTable.h; sourceTree = "<group>"; };
		DD2263251401CC7300CA6E6C /* DealerTable.m */ = {isa = PBXFileReference; fileEncoding = 4; lastKnownFileType = sourcecode.c.objc; path = DealerTable.m; sourceTree = "<group>"; };
		DD2263261401CC7300CA6E6C /* DealerTable.xib */ = {isa = PBXFileReference; fileEncoding = 4; lastKnownFileType = file.xib; path = DealerTable.xib; sourceTree = "<group>"; };
		DD22632B1401CD7200CA6E6C /* PriceTable.h */ = {isa = PBXFileReference; fileEncoding = 4; lastKnownFileType = sourcecode.c.h; path = PriceTable.h; sourceTree = "<group>"; };
		DD22632C1401CD7200CA6E6C /* PriceTable.m */ = {isa = PBXFileReference; fileEncoding = 4; lastKnownFileType = sourcecode.c.objc; path = PriceTable.m; sourceTree = "<group>"; };
		DD22632D1401CD7200CA6E6C /* PriceTable.xib */ = {isa = PBXFileReference; fileEncoding = 4; lastKnownFileType = file.xib; path = PriceTable.xib; sourceTree = "<group>"; };
		DD2263301401CE4F00CA6E6C /* XMLParser.h */ = {isa = PBXFileReference; fileEncoding = 4; lastKnownFileType = sourcecode.c.h; path = XMLParser.h; sourceTree = "<group>"; };
		DD2263311401CE4F00CA6E6C /* XMLParser.m */ = {isa = PBXFileReference; fileEncoding = 4; lastKnownFileType = sourcecode.c.objc; path = XMLParser.m; sourceTree = "<group>"; };
		DD2263371401D40100CA6E6C /* dealers.plist */ = {isa = PBXFileReference; fileEncoding = 4; lastKnownFileType = text.plist.xml; path = dealers.plist; sourceTree = "<group>"; };
		DD2263391401D40D00CA6E6C /* prices.plist */ = {isa = PBXFileReference; fileEncoding = 4; lastKnownFileType = text.plist.xml; path = prices.plist; sourceTree = "<group>"; };
		DD22633B1401D43600CA6E6C /* Common.h */ = {isa = PBXFileReference; fileEncoding = 4; lastKnownFileType = sourcecode.c.h; path = Common.h; sourceTree = "<group>"; };
		DD22633C1401D43700CA6E6C /* Common.m */ = {isa = PBXFileReference; fileEncoding = 4; lastKnownFileType = sourcecode.c.objc; path = Common.m; sourceTree = "<group>"; };
		DD22633E1401D93E00CA6E6C /* Mark.h */ = {isa = PBXFileReference; fileEncoding = 4; lastKnownFileType = sourcecode.c.h; path = Mark.h; sourceTree = "<group>"; };
		DD22633F1401D93F00CA6E6C /* Mark.m */ = {isa = PBXFileReference; fileEncoding = 4; lastKnownFileType = sourcecode.c.objc; path = Mark.m; sourceTree = "<group>"; };
		DD4AA86F1400077A006141A1 /* avtofon.app */ = {isa = PBXFileReference; explicitFileType = wrapper.application; includeInIndex = 0; path = avtofon.app; sourceTree = BUILT_PRODUCTS_DIR; };
		DD4AA8731400077A006141A1 /* UIKit.framework */ = {isa = PBXFileReference; lastKnownFileType = wrapper.framework; name = UIKit.framework; path = System/Library/Frameworks/UIKit.framework; sourceTree = SDKROOT; };
		DD4AA8751400077A006141A1 /* Foundation.framework */ = {isa = PBXFileReference; lastKnownFileType = wrapper.framework; name = Foundation.framework; path = System/Library/Frameworks/Foundation.framework; sourceTree = SDKROOT; };
		DD4AA8771400077A006141A1 /* CoreGraphics.framework */ = {isa = PBXFileReference; lastKnownFileType = wrapper.framework; name = CoreGraphics.framework; path = System/Library/Frameworks/CoreGraphics.framework; sourceTree = SDKROOT; };
		DD4AA87B1400077A006141A1 /* avtofon-Info.plist */ = {isa = PBXFileReference; lastKnownFileType = text.plist.xml; path = "avtofon-Info.plist"; sourceTree = "<group>"; };
		DD4AA87D1400077A006141A1 /* en */ = {isa = PBXFileReference; lastKnownFileType = text.plist.strings; name = en; path = en.lproj/InfoPlist.strings; sourceTree = "<group>"; };
		DD4AA87F1400077A006141A1 /* main.m */ = {isa = PBXFileReference; lastKnownFileType = sourcecode.c.objc; path = main.m; sourceTree = "<group>"; };
		DD4AA8811400077A006141A1 /* avtofon-Prefix.pch */ = {isa = PBXFileReference; lastKnownFileType = sourcecode.c.h; path = "avtofon-Prefix.pch"; sourceTree = "<group>"; };
		DD4AA8821400077A006141A1 /* avtofonAppDelegate.h */ = {isa = PBXFileReference; lastKnownFileType = sourcecode.c.h; path = avtofonAppDelegate.h; sourceTree = "<group>"; };
		DD4AA8831400077A006141A1 /* avtofonAppDelegate.m */ = {isa = PBXFileReference; lastKnownFileType = sourcecode.c.objc; path = avtofonAppDelegate.m; sourceTree = "<group>"; };
		DD4AA8861400077B006141A1 /* en */ = {isa = PBXFileReference; lastKnownFileType = file.xib; name = en; path = en.lproj/MainWindow.xib; sourceTree = "<group>"; };
		DDD2EEDF140328870077B459 /* Reachability.h */ = {isa = PBXFileReference; fileEncoding = 4; lastKnownFileType = sourcecode.c.h; path = Reachability.h; sourceTree = "<group>"; };
		DDD2EEE0140328870077B459 /* Reachability.m */ = {isa = PBXFileReference; fileEncoding = 4; lastKnownFileType = sourcecode.c.objc; path = Reachability.m; sourceTree = "<group>"; };
		DDD2EEE3140332E50077B459 /* Dealer.h */ = {isa = PBXFileReference; fileEncoding = 4; lastKnownFileType = sourcecode.c.h; path = Dealer.h; sourceTree = "<group>"; };
		DDD2EEE4140332E50077B459 /* Dealer.m */ = {isa = PBXFileReference; fileEncoding = 4; lastKnownFileType = sourcecode.c.objc; path = Dealer.m; sourceTree = "<group>"; };
/* End PBXFileReference section */

/* Begin PBXFrameworksBuildPhase section */
		DD4AA86C1400077A006141A1 /* Frameworks */ = {
			isa = PBXFrameworksBuildPhase;
			buildActionMask = 2147483647;
			files = (
				DD4AA8741400077A006141A1 /* UIKit.framework in Frameworks */,
				DD4AA8761400077A006141A1 /* Foundation.framework in Frameworks */,
				DD4AA8781400077A006141A1 /* CoreGraphics.framework in Frameworks */,
			);
			runOnlyForDeploymentPostprocessing = 0;
		};
/* End PBXFrameworksBuildPhase section */

/* Begin PBXGroup section */
		DD22632A1401CD3800CA6E6C /* Xibs */ = {
			isa = PBXGroup;
			children = (
				DD2263261401CC7300CA6E6C /* DealerTable.xib */,
				DD22632D1401CD7200CA6E6C /* PriceTable.xib */,
			);
			name = Xibs;
			sourceTree = "<group>";
		};
		DD2263361401D3D300CA6E6C /* Plists */ = {
			isa = PBXGroup;
			children = (
				DD2263371401D40100CA6E6C /* dealers.plist */,
				DD2263391401D40D00CA6E6C /* prices.plist */,
			);
			name = Plists;
			sourceTree = "<group>";
		};
		DD4AA8641400077A006141A1 = {
			isa = PBXGroup;
			children = (
				DD4AA8791400077A006141A1 /* avtofon */,
				DD4AA8721400077A006141A1 /* Frameworks */,
				DD4AA8701400077A006141A1 /* Products */,
			);
			sourceTree = "<group>";
		};
		DD4AA8701400077A006141A1 /* Products */ = {
			isa = PBXGroup;
			children = (
				DD4AA86F1400077A006141A1 /* avtofon.app */,
			);
			name = Products;
			sourceTree = "<group>";
		};
		DD4AA8721400077A006141A1 /* Frameworks */ = {
			isa = PBXGroup;
			children = (
				DD4AA8731400077A006141A1 /* UIKit.framework */,
				DD4AA8751400077A006141A1 /* Foundation.framework */,
				DD4AA8771400077A006141A1 /* CoreGraphics.framework */,
			);
			name = Frameworks;
			sourceTree = "<group>";
		};
		DD4AA8791400077A006141A1 /* avtofon */ = {
			isa = PBXGroup;
			children = (
				DD2263361401D3D300CA6E6C /* Plists */,
				DD22632A1401CD3800CA6E6C /* Xibs */,
				DD4AA8821400077A006141A1 /* avtofonAppDelegate.h */,
				DD4AA8831400077A006141A1 /* avtofonAppDelegate.m */,
				DD22633B1401D43600CA6E6C /* Common.h */,
				DD22633C1401D43700CA6E6C /* Common.m */,
				DD4AA8851400077B006141A1 /* MainWindow.xib */,
				DD2263241401CC7300CA6E6C /* DealerTable.h */,
				DD2263251401CC7300CA6E6C /* DealerTable.m */,
				DD22632B1401CD7200CA6E6C /* PriceTable.h */,
				DD22632C1401CD7200CA6E6C /* PriceTable.m */,
				DD2263301401CE4F00CA6E6C /* XMLParser.h */,
				DD2263311401CE4F00CA6E6C /* XMLParser.m */,
				DD22633E1401D93E00CA6E6C /* Mark.h */,
				DD22633F1401D93F00CA6E6C /* Mark.m */,
				DDD2EEE3140332E50077B459 /* Dealer.h */,
				DDD2EEE4140332E50077B459 /* Dealer.m */,
				DDD2EEDF140328870077B459 /* Reachability.h */,
				DDD2EEE0140328870077B459 /* Reachability.m */,
				DD4AA87A1400077A006141A1 /* Supporting Files */,
			);
			path = avtofon;
			sourceTree = "<group>";
		};
		DD4AA87A1400077A006141A1 /* Supporting Files */ = {
			isa = PBXGroup;
			children = (
				DD4AA87B1400077A006141A1 /* avtofon-Info.plist */,
				DD4AA87C1400077A006141A1 /* InfoPlist.strings */,
				DD4AA87F1400077A006141A1 /* main.m */,
				DD4AA8811400077A006141A1 /* avtofon-Prefix.pch */,
			);
			name = "Supporting Files";
			sourceTree = "<group>";
		};
/* End PBXGroup section */

/* Begin PBXNativeTarget section */
		DD4AA86E1400077A006141A1 /* avtofon */ = {
			isa = PBXNativeTarget;
			buildConfigurationList = DD4AA8961400077B006141A1 /* Build configuration list for PBXNativeTarget "avtofon" */;
			buildPhases = (
				DD4AA86B1400077A006141A1 /* Sources */,
				DD4AA86C1400077A006141A1 /* Frameworks */,
				DD4AA86D1400077A006141A1 /* Resources */,
			);
			buildRules = (
			);
			dependencies = (
			);
			name = avtofon;
			productName = avtofon;
			productReference = DD4AA86F1400077A006141A1 /* avtofon.app */;
			productType = "com.apple.product-type.application";
		};
/* End PBXNativeTarget section */

/* Begin PBXProject section */
		DD4AA8661400077A006141A1 /* Project object */ = {
			isa = PBXProject;
			buildConfigurationList = DD4AA8691400077A006141A1 /* Build configuration list for PBXProject "avtofon" */;
			compatibilityVersion = "Xcode 3.2";
			developmentRegion = English;
			hasScannedForEncodings = 0;
			knownRegions = (
				en,
			);
			mainGroup = DD4AA8641400077A006141A1;
			productRefGroup = DD4AA8701400077A006141A1 /* Products */;
			projectDirPath = "";
			projectRoot = "";
			targets = (
				DD4AA86E1400077A006141A1 /* avtofon */,
			);
		};
/* End PBXProject section */

/* Begin PBXResourcesBuildPhase section */
		DD4AA86D1400077A006141A1 /* Resources */ = {
			isa = PBXResourcesBuildPhase;
			buildActionMask = 2147483647;
			files = (
				DD4AA87E1400077A006141A1 /* InfoPlist.strings in Resources */,
				DD4AA8871400077B006141A1 /* MainWindow.xib in Resources */,
				DD2263281401CC7300CA6E6C /* DealerTable.xib in Resources */,
				DD22632F1401CD7200CA6E6C /* PriceTable.xib in Resources */,
				DD2263381401D40100CA6E6C /* dealers.plist in Resources */,
				DD22633A1401D40D00CA6E6C /* prices.plist in Resources */,
			);
			runOnlyForDeploymentPostprocessing = 0;
		};
/* End PBXResourcesBuildPhase section */

/* Begin PBXSourcesBuildPhase section */
		DD4AA86B1400077A006141A1 /* Sources */ = {
			isa = PBXSourcesBuildPhase;
			buildActionMask = 2147483647;
			files = (
				DD4AA8801400077A006141A1 /* main.m in Sources */,
				DD4AA8841400077A006141A1 /* avtofonAppDelegate.m in Sources */,
				DD2263271401CC7300CA6E6C /* DealerTable.m in Sources */,
				DD22632E1401CD7200CA6E6C /* PriceTable.m in Sources */,
				DD2263321401CE4F00CA6E6C /* XMLParser.m in Sources */,
				DD22633D1401D43700CA6E6C /* Common.m in Sources */,
				DD2263401401D93F00CA6E6C /* Mark.m in Sources */,
				DDD2EEE1140328870077B459 /* Reachability.m in Sources */,
				DDD2EEE5140332E50077B459 /* Dealer.m in Sources */,
			);
			runOnlyForDeploymentPostprocessing = 0;
		};
/* End PBXSourcesBuildPhase section */

/* Begin PBXVariantGroup section */
		DD4AA87C1400077A006141A1 /* InfoPlist.strings */ = {
			isa = PBXVariantGroup;
			children = (
				DD4AA87D1400077A006141A1 /* en */,
			);
			name = InfoPlist.strings;
			sourceTree = "<group>";
		};
		DD4AA8851400077B006141A1 /* MainWindow.xib */ = {
			isa = PBXVariantGroup;
			children = (
				DD4AA8861400077B006141A1 /* en */,
			);
			name = MainWindow.xib;
			sourceTree = "<group>";
		};
/* End PBXVariantGroup section */

/* Begin XCBuildConfiguration section */
		DD4AA8941400077B006141A1 /* Debug */ = {
			isa = XCBuildConfiguration;
			buildSettings = {
				ALWAYS_SEARCH_USER_PATHS = NO;
				ARCHS = "$(ARCHS_STANDARD_32_BIT)";
				"CODE_SIGN_IDENTITY[sdk=iphoneos*]" = "iPhone Developer";
				COPY_PHASE_STRIP = NO;
				GCC_C_LANGUAGE_STANDARD = gnu99;
				GCC_DYNAMIC_NO_PIC = NO;
				GCC_OPTIMIZATION_LEVEL = 0;
				GCC_PREPROCESSOR_DEFINITIONS = (
					"DEBUG=1",
					"$(inherited)",
				);
				GCC_SYMBOLS_PRIVATE_EXTERN = NO;
				GCC_VERSION = com.apple.compilers.llvmgcc42;
				GCC_WARN_ABOUT_MISSING_PROTOTYPES = YES;
				GCC_WARN_ABOUT_RETURN_TYPE = YES;
				GCC_WARN_UNUSED_VARIABLE = YES;
				IPHONEOS_DEPLOYMENT_TARGET = 4.3;
				SDKROOT = iphoneos;
			};
			name = Debug;
		};
		DD4AA8951400077B006141A1 /* Release */ = {
			isa = XCBuildConfiguration;
			buildSettings = {
				ALWAYS_SEARCH_USER_PATHS = NO;
				ARCHS = "$(ARCHS_STANDARD_32_BIT)";
				"CODE_SIGN_IDENTITY[sdk=iphoneos*]" = "iPhone Developer";
				COPY_PHASE_STRIP = YES;
				GCC_C_LANGUAGE_STANDARD = gnu99;
				GCC_VERSION = com.apple.compilers.llvmgcc42;
				GCC_WARN_ABOUT_MISSING_PROTOTYPES = YES;
				GCC_WARN_ABOUT_RETURN_TYPE = YES;
				GCC_WARN_UNUSED_VARIABLE = YES;
				IPHONEOS_DEPLOYMENT_TARGET = 4.3;
				OTHER_CFLAGS = "-DNS_BLOCK_ASSERTIONS=1";
				SDKROOT = iphoneos;
				VALIDATE_PRODUCT = YES;
			};
			name = Release;
		};
		DD4AA8971400077B006141A1 /* Debug */ = {
			isa = XCBuildConfiguration;
			buildSettings = {
				CODE_SIGN_IDENTITY = "iPhone Developer: VADIM KASSIN (744XFE3JS8)";
				GCC_PRECOMPILE_PREFIX_HEADER = YES;
				GCC_PREFIX_HEADER = "avtofon/avtofon-Prefix.pch";
				INFOPLIST_FILE = "avtofon/avtofon-Info.plist";
				PRODUCT_NAME = "$(TARGET_NAME)";
				PROVISIONING_PROFILE = "3933C1CF-5FD2-4E50-974C-5B6241100988";
				WRAPPER_EXTENSION = app;
			};
			name = Debug;
		};
		DD4AA8981400077B006141A1 /* Release */ = {
			isa = XCBuildConfiguration;
			buildSettings = {
				CODE_SIGN_IDENTITY = "iPhone Developer: VADIM KASSIN (744XFE3JS8)";
				GCC_PRECOMPILE_PREFIX_HEADER = YES;
				GCC_PREFIX_HEADER = "avtofon/avtofon-Prefix.pch";
				INFOPLIST_FILE = "avtofon/avtofon-Info.plist";
				PRODUCT_NAME = "$(TARGET_NAME)";
				PROVISIONING_PROFILE = "3933C1CF-5FD2-4E50-974C-5B6241100988";
				WRAPPER_EXTENSION = app;
			};
			name = Release;
		};
/* End XCBuildConfiguration section */

/* Begin XCConfigurationList section */
		DD4AA8691400077A006141A1 /* Build configuration list for PBXProject "avtofon" */ = {
			isa = XCConfigurationList;
			buildConfigurations = (
				DD4AA8941400077B006141A1 /* Debug */,
				DD4AA8951400077B006141A1 /* Release */,
			);
			defaultConfigurationIsVisible = 0;
			defaultConfigurationName = Release;
		};
		DD4AA8961400077B006141A1 /* Build configuration list for PBXNativeTarget "avtofon" */ = {
			isa = XCConfigurationList;
			buildConfigurations = (
				DD4AA8971400077B006141A1 /* Debug */,
				DD4AA8981400077B006141A1 /* Release */,
			);
			defaultConfigurationIsVisible = 0;
			defaultConfigurationName = Release;
		};
/* End XCConfigurationList section */
	};
	rootObject = DD4AA8661400077A006141A1 /* Project object */;
}
